{
    "_readme": [
        "This file locks the dependencies of your project to a known state",
        "Read more about it at https://getcomposer.org/doc/01-basic-usage.md#installing-dependencies",
        "This file is @generated automatically"
    ],
    "content-hash": "22ca5a406bbd6548813641f0ae3dbff4",
    "packages": [
        {
            "name": "wp-cli/wp-config-transformer",
            "version": "v1.4.0",
            "source": {
                "type": "git",
                "url": "https://github.com/wp-cli/wp-config-transformer.git",
                "reference": "9b470f6f1a75707b22e9cfb85bb74120256243b4"
            },
            "dist": {
                "type": "zip",
                "url": "https://api.github.com/repos/wp-cli/wp-config-transformer/zipball/9b470f6f1a75707b22e9cfb85bb74120256243b4",
                "reference": "9b470f6f1a75707b22e9cfb85bb74120256243b4",
                "shasum": ""
            },
            "require": {
                "php": "^5.6 || ^7.0 || ^8.0"
            },
            "require-dev": {
                "wp-cli/wp-cli-tests": "^4.0"
            },
            "type": "library",
            "autoload": {
                "files": [
                    "src/WPConfigTransformer.php"
                ]
            },
            "notification-url": "https://packagist.org/downloads/",
            "license": [
                "MIT"
            ],
            "authors": [
                {
                    "name": "Frankie Jarrett",
                    "email": "fjarrett@gmail.com"
                }
            ],
            "description": "Programmatically edit a wp-config.php file.",
            "homepage": "https://github.com/wp-cli/wp-config-transformer",
            "support": {
                "issues": "https://github.com/wp-cli/wp-config-transformer/issues",
                "source": "https://github.com/wp-cli/wp-config-transformer/tree/v1.4.0"
            },
            "time": "2024-09-17T19:05:47+00:00"
        }
    ],
    "packages-dev": [],
    "aliases": [],
    "minimum-stability": "stable",
    "stability-flags": [],
    "prefer-stable": false,
    "prefer-lowest": false,
    "platform": [],
    "platform-dev": [],
    "plugin-api-version": "2.6.0"
}
